
Microsoft Visual Studio Solution File, Format Version 12.00
# Visual Studio Version 17
VisualStudioVersion = 17.6.33829.357
MinimumVisualStudioVersion = 10.0.40219.1
Project("{9A19103F-16F7-4668-BE54-9A1E7A4F7556}") = "EjercicioIntroduccionDatosOrdenadores", "EjercicioIntroduccionDatosOrdenadores\EjercicioIntroduccionDatosOrdenadores.csproj", "{F6FD41B8-99C9-40E1-B86D-F4030BCA89E4}"
EndProject
Project("{9A19103F-16F7-4668-BE54-9A1E7A4F7556}") = "EjercicioIntroduccionBBDDFirst", "EjercicioIntroduccionBBDDFirst\EjercicioIntroduccionBBDDFirst.csproj", "{666DACCA-7122-4BBD-A976-3CDCFCEE1B14}"
EndProject
Project("{FAE04EC0-301F-11D3-BF4B-00C04F79EFBC}") = "API_EjercicioIntroduccionDatosOrdenadores", "API_EjercicioIntroduccionDatosOrdenadores\API_EjercicioIntroduccionDatosOrdenadores.csproj", "{A24614BF-9F97-4598-BED9-D4BD5BD0F642}"
EndProject
Global
	GlobalSection(SolutionConfigurationPlatforms) = preSolution
		Debug|Any CPU = Debug|Any CPU
		Release|Any CPU = Release|Any CPU
	EndGlobalSection
	GlobalSection(ProjectConfigurationPlatforms) = postSolution
		{F6FD41B8-99C9-40E1-B86D-F4030BCA89E4}.Debug|Any CPU.ActiveCfg = Debug|Any CPU
		{F6FD41B8-99C9-40E1-B86D-F4030BCA89E4}.Debug|Any CPU.Build.0 = Debug|Any CPU
		{F6FD41B8-99C9-40E1-B86D-F4030BCA89E4}.Release|Any CPU.ActiveCfg = Release|Any CPU
		{F6FD41B8-99C9-40E1-B86D-F4030BCA89E4}.Release|Any CPU.Build.0 = Release|Any CPU
		{666DACCA-7122-4BBD-A976-3CDCFCEE1B14}.Debug|Any CPU.ActiveCfg = Debug|Any CPU
		{666DACCA-7122-4BBD-A976-3CDCFCEE1B14}.Debug|Any CPU.Build.0 = Debug|Any CPU
		{666DACCA-7122-4BBD-A976-3CDCFCEE1B14}.Release|Any CPU.ActiveCfg = Release|Any CPU
		{666DACCA-7122-4BBD-A976-3CDCFCEE1B14}.Release|Any CPU.Build.0 = Release|Any CPU
		{A24614BF-9F97-4598-BED9-D4BD5BD0F642}.Debug|Any CPU.ActiveCfg = Debug|Any CPU
		{A24614BF-9F97-4598-BED9-D4BD5BD0F642}.Debug|Any CPU.Build.0 = Debug|Any CPU
		{A24614BF-9F97-4598-BED9-D4BD5BD0F642}.Release|Any CPU.ActiveCfg = Release|Any CPU
		{A24614BF-9F97-4598-BED9-D4BD5BD0F642}.Release|Any CPU.Build.0 = Release|Any CPU
	EndGlobalSection
	GlobalSection(SolutionProperties) = preSolution
		HideSolutionNode = FALSE
	EndGlobalSection
	GlobalSection(ExtensibilityGlobals) = postSolution
		SolutionGuid = {BF5742C4-AA1B-4515-84EE-B493B7702FCD}
	EndGlobalSection
EndGlobal
